
Microsoft Visual Studio Solution File, Format Version 12.00
# Visual Studio Version 17
VisualStudioVersion = 17.3.32901.215
MinimumVisualStudioVersion = 10.0.40219.1
Project("{FAE04EC0-301F-11D3-BF4B-00C04F79EFBC}") = "WindowsFormsApp1", "WindowsFormsApp1\WindowsFormsApp1.csproj", "{020F16A4-2DAA-421C-96C2-0BD342190CF4}"
EndProject
Global
	GlobalSection(SolutionConfigurationPlatforms) = preSolution
		Debug|Any CPU = Debug|Any CPU
		Release|Any CPU = Release|Any CPU
	EndGlobalSection
	GlobalSection(ProjectConfigurationPlatforms) = postSolution
		{020F16A4-2DAA-421C-96C2-0BD342190CF4}.Debug|Any CPU.ActiveCfg = Debug|Any CPU
		{020F16A4-2DAA-421C-96C2-0BD342190CF4}.Debug|Any CPU.Build.0 = Debug|Any CPU
		{020F16A4-2DAA-421C-96C2-0BD342190CF4}.Release|Any CPU.ActiveCfg = Release|Any CPU
		{020F16A4-2DAA-421C-96C2-0BD342190CF4}.Release|Any CPU.Build.0 = Release|Any CPU
	EndGlobalSection
	GlobalSection(SolutionProperties) = preSolution
		HideSolutionNode = FALSE
	EndGlobalSection
	GlobalSection(ExtensibilityGlobals) = postSolution
		SolutionGuid = {AC0E6502-7B45-4CBE-AD27-3A177A779497}
	EndGlobalSection
EndGlobal
